
Microsoft Visual Studio Solution File, Format Version 12.00
# Visual Studio Version 16
VisualStudioVersion = 16.0.30413.136
MinimumVisualStudioVersion = 15.0.26124.0
Project("{9A19103F-16F7-4668-BE54-9A1E7A4F7556}") = "KioskStream.Data", "KioskStream.Data\KioskStream.Data.csproj", "{6C565F4B-4CDD-4C94-B8F4-18A346A57410}"
EndProject
Project("{9A19103F-16F7-4668-BE54-9A1E7A4F7556}") = "KioskStream.Web.Server", "KioskStream.Web\Server\KioskStream.Web.Server.csproj", "{F7E8F6B6-6813-47F6-A45A-D4E28A36FDC5}"
EndProject
Project("{9A19103F-16F7-4668-BE54-9A1E7A4F7556}") = "KioskStream.Web.Client", "KioskStream.Web\Client\KioskStream.Web.Client.csproj", "{C81E7C43-F6B9-4504-9EBD-830BC0ACB540}"
EndProject
Project("{9A19103F-16F7-4668-BE54-9A1E7A4F7556}") = "KioskStream.Core.Security", "KioskStream.Core.Security\KioskStream.Core.Security.csproj", "{06E1AAEC-606F-4183-98D6-FE7F9BF2EF15}"
EndProject
Project("{2150E333-8FDC-42A3-9474-1A3956D46DE8}") = "Web", "Web", "{816CA7C2-3F9C-4435-8BD0-6B5F936C8179}"
EndProject
Project("{9A19103F-16F7-4668-BE54-9A1E7A4F7556}") = "KioskStream.Web.Common", "KioskStream.Web\Common\KioskStream.Web.Common.csproj", "{0E075D7D-79A5-4D98-AA49-040D75B1B53D}"
EndProject
Project("{2150E333-8FDC-42A3-9474-1A3956D46DE8}") = "Core", "Core", "{D112BA86-EA69-4E8B-8A92-CAEEC82724A7}"
EndProject
Project("{9A19103F-16F7-4668-BE54-9A1E7A4F7556}") = "KioskStream.Core", "KioskStream.Core\KioskStream.Core.csproj", "{6964F1CD-C289-41E5-9A6E-84D53162C477}"
EndProject
Project("{9A19103F-16F7-4668-BE54-9A1E7A4F7556}") = "KioskStream.BusinessLogic", "KioskStream.BusinessLogic\KioskStream.BusinessLogic.csproj", "{AB774CE2-3FD5-45FE-B0BD-30127CA5C8CD}"
EndProject
Project("{9A19103F-16F7-4668-BE54-9A1E7A4F7556}") = "KioskStream.Mailing", "KioskStream.Mailing\KioskStream.Mailing.csproj", "{32E90862-979E-4A5A-BC7B-FAFFDC8E0ADB}"
EndProject
Global
	GlobalSection(SolutionConfigurationPlatforms) = preSolution
		Debug|Any CPU = Debug|Any CPU
		Debug|x64 = Debug|x64
		Debug|x86 = Debug|x86
		Release|Any CPU = Release|Any CPU
		Release|x64 = Release|x64
		Release|x86 = Release|x86
	EndGlobalSection
	GlobalSection(ProjectConfigurationPlatforms) = postSolution
		{6C565F4B-4CDD-4C94-B8F4-18A346A57410}.Debug|Any CPU.ActiveCfg = Debug|Any CPU
		{6C565F4B-4CDD-4C94-B8F4-18A346A57410}.Debug|Any CPU.Build.0 = Debug|Any CPU
		{6C565F4B-4CDD-4C94-B8F4-18A346A57410}.Debug|x64.ActiveCfg = Debug|Any CPU
		{6C565F4B-4CDD-4C94-B8F4-18A346A57410}.Debug|x64.Build.0 = Debug|Any CPU
		{6C565F4B-4CDD-4C94-B8F4-18A346A57410}.Debug|x86.ActiveCfg = Debug|Any CPU
		{6C565F4B-4CDD-4C94-B8F4-18A346A57410}.Debug|x86.Build.0 = Debug|Any CPU
		{6C565F4B-4CDD-4C94-B8F4-18A346A57410}.Release|Any CPU.ActiveCfg = Release|Any CPU
		{6C565F4B-4CDD-4C94-B8F4-18A346A57410}.Release|Any CPU.Build.0 = Release|Any CPU
		{6C565F4B-4CDD-4C94-B8F4-18A346A57410}.Release|x64.ActiveCfg = Release|Any CPU
		{6C565F4B-4CDD-4C94-B8F4-18A346A57410}.Release|x64.Build.0 = Release|Any CPU
		{6C565F4B-4CDD-4C94-B8F4-18A346A57410}.Release|x86.ActiveCfg = Release|Any CPU
		{6C565F4B-4CDD-4C94-B8F4-18A346A57410}.Release|x86.Build.0 = Release|Any CPU
		{F7E8F6B6-6813-47F6-A45A-D4E28A36FDC5}.Debug|Any CPU.ActiveCfg = Debug|Any CPU
		{F7E8F6B6-6813-47F6-A45A-D4E28A36FDC5}.Debug|Any CPU.Build.0 = Debug|Any CPU
		{F7E8F6B6-6813-47F6-A45A-D4E28A36FDC5}.Debug|x64.ActiveCfg = Debug|Any CPU
		{F7E8F6B6-6813-47F6-A45A-D4E28A36FDC5}.Debug|x64.Build.0 = Debug|Any CPU
		{F7E8F6B6-6813-47F6-A45A-D4E28A36FDC5}.Debug|x86.ActiveCfg = Debug|Any CPU
		{F7E8F6B6-6813-47F6-A45A-D4E28A36FDC5}.Debug|x86.Build.0 = Debug|Any CPU
		{F7E8F6B6-6813-47F6-A45A-D4E28A36FDC5}.Release|Any CPU.ActiveCfg = Release|Any CPU
		{F7E8F6B6-6813-47F6-A45A-D4E28A36FDC5}.Release|Any CPU.Build.0 = Release|Any CPU
		{F7E8F6B6-6813-47F6-A45A-D4E28A36FDC5}.Release|x64.ActiveCfg = Release|Any CPU
		{F7E8F6B6-6813-47F6-A45A-D4E28A36FDC5}.Release|x64.Build.0 = Release|Any CPU
		{F7E8F6B6-6813-47F6-A45A-D4E28A36FDC5}.Release|x86.ActiveCfg = Release|Any CPU
		{F7E8F6B6-6813-47F6-A45A-D4E28A36FDC5}.Release|x86.Build.0 = Release|Any CPU
		{C81E7C43-F6B9-4504-9EBD-830BC0ACB540}.Debug|Any CPU.ActiveCfg = Debug|Any CPU
		{C81E7C43-F6B9-4504-9EBD-830BC0ACB540}.Debug|Any CPU.Build.0 = Debug|Any CPU
		{C81E7C43-F6B9-4504-9EBD-830BC0ACB540}.Debug|x64.ActiveCfg = Debug|Any CPU
		{C81E7C43-F6B9-4504-9EBD-830BC0ACB540}.Debug|x64.Build.0 = Debug|Any CPU
		{C81E7C43-F6B9-4504-9EBD-830BC0ACB540}.Debug|x86.ActiveCfg = Debug|Any CPU
		{C81E7C43-F6B9-4504-9EBD-830BC0ACB540}.Debug|x86.Build.0 = Debug|Any CPU
		{C81E7C43-F6B9-4504-9EBD-830BC0ACB540}.Release|Any CPU.ActiveCfg = Release|Any CPU
		{C81E7C43-F6B9-4504-9EBD-830BC0ACB540}.Release|Any CPU.Build.0 = Release|Any CPU
		{C81E7C43-F6B9-4504-9EBD-830BC0ACB540}.Release|x64.ActiveCfg = Release|Any CPU
		{C81E7C43-F6B9-4504-9EBD-830BC0ACB540}.Release|x64.Build.0 = Release|Any CPU
		{C81E7C43-F6B9-4504-9EBD-830BC0ACB540}.Release|x86.ActiveCfg = Release|Any CPU
		{C81E7C43-F6B9-4504-9EBD-830BC0ACB540}.Release|x86.Build.0 = Release|Any CPU
		{06E1AAEC-606F-4183-98D6-FE7F9BF2EF15}.Debug|Any CPU.ActiveCfg = Debug|Any CPU
		{06E1AAEC-606F-4183-98D6-FE7F9BF2EF15}.Debug|Any CPU.Build.0 = Debug|Any CPU
		{06E1AAEC-606F-4183-98D6-FE7F9BF2EF15}.Debug|x64.ActiveCfg = Debug|Any CPU
		{06E1AAEC-606F-4183-98D6-FE7F9BF2EF15}.Debug|x64.Build.0 = Debug|Any CPU
		{06E1AAEC-606F-4183-98D6-FE7F9BF2EF15}.Debug|x86.ActiveCfg = Debug|Any CPU
		{06E1AAEC-606F-4183-98D6-FE7F9BF2EF15}.Debug|x86.Build.0 = Debug|Any CPU
		{06E1AAEC-606F-4183-98D6-FE7F9BF2EF15}.Release|Any CPU.ActiveCfg = Release|Any CPU
		{06E1AAEC-606F-4183-98D6-FE7F9BF2EF15}.Release|Any CPU.Build.0 = Release|Any CPU
		{06E1AAEC-606F-4183-98D6-FE7F9BF2EF15}.Release|x64.ActiveCfg = Release|Any CPU
		{06E1AAEC-606F-4183-98D6-FE7F9BF2EF15}.Release|x64.Build.0 = Release|Any CPU
		{06E1AAEC-606F-4183-98D6-FE7F9BF2EF15}.Release|x86.ActiveCfg = Release|Any CPU
		{06E1AAEC-606F-4183-98D6-FE7F9BF2EF15}.Release|x86.Build.0 = Release|Any CPU
		{0E075D7D-79A5-4D98-AA49-040D75B1B53D}.Debug|Any CPU.ActiveCfg = Debug|Any CPU
		{0E075D7D-79A5-4D98-AA49-040D75B1B53D}.Debug|Any CPU.Build.0 = Debug|Any CPU
		{0E075D7D-79A5-4D98-AA49-040D75B1B53D}.Debug|x64.ActiveCfg = Debug|Any CPU
		{0E075D7D-79A5-4D98-AA49-040D75B1B53D}.Debug|x64.Build.0 = Debug|Any CPU
		{0E075D7D-79A5-4D98-AA49-040D75B1B53D}.Debug|x86.ActiveCfg = Debug|Any CPU
		{0E075D7D-79A5-4D98-AA49-040D75B1B53D}.Debug|x86.Build.0 = Debug|Any CPU
		{0E075D7D-79A5-4D98-AA49-040D75B1B53D}.Release|Any CPU.ActiveCfg = Release|Any CPU
		{0E075D7D-79A5-4D98-AA49-040D75B1B53D}.Release|Any CPU.Build.0 = Release|Any CPU
		{0E075D7D-79A5-4D98-AA49-040D75B1B53D}.Release|x64.ActiveCfg = Release|Any CPU
		{0E075D7D-79A5-4D98-AA49-040D75B1B53D}.Release|x64.Build.0 = Release|Any CPU
		{0E075D7D-79A5-4D98-AA49-040D75B1B53D}.Release|x86.ActiveCfg = Release|Any CPU
		{0E075D7D-79A5-4D98-AA49-040D75B1B53D}.Release|x86.Build.0 = Release|Any CPU
		{6964F1CD-C289-41E5-9A6E-84D53162C477}.Debug|Any CPU.ActiveCfg = Debug|Any CPU
		{6964F1CD-C289-41E5-9A6E-84D53162C477}.Debug|Any CPU.Build.0 = Debug|Any CPU
		{6964F1CD-C289-41E5-9A6E-84D53162C477}.Debug|x64.ActiveCfg = Debug|Any CPU
		{6964F1CD-C289-41E5-9A6E-84D53162C477}.Debug|x64.Build.0 = Debug|Any CPU
		{6964F1CD-C289-41E5-9A6E-84D53162C477}.Debug|x86.ActiveCfg = Debug|Any CPU
		{6964F1CD-C289-41E5-9A6E-84D53162C477}.Debug|x86.Build.0 = Debug|Any CPU
		{6964F1CD-C289-41E5-9A6E-84D53162C477}.Release|Any CPU.ActiveCfg = Release|Any CPU
		{6964F1CD-C289-41E5-9A6E-84D53162C477}.Release|Any CPU.Build.0 = Release|Any CPU
		{6964F1CD-C289-41E5-9A6E-84D53162C477}.Release|x64.ActiveCfg = Release|Any CPU
		{6964F1CD-C289-41E5-9A6E-84D53162C477}.Release|x64.Build.0 = Release|Any CPU
		{6964F1CD-C289-41E5-9A6E-84D53162C477}.Release|x86.ActiveCfg = Release|Any CPU
		{6964F1CD-C289-41E5-9A6E-84D53162C477}.Release|x86.Build.0 = Release|Any CPU
		{AB774CE2-3FD5-45FE-B0BD-30127CA5C8CD}.Debug|Any CPU.ActiveCfg = Debug|Any CPU
		{AB774CE2-3FD5-45FE-B0BD-30127CA5C8CD}.Debug|Any CPU.Build.0 = Debug|Any CPU
		{AB774CE2-3FD5-45FE-B0BD-30127CA5C8CD}.Debug|x64.ActiveCfg = Debug|Any CPU
		{AB774CE2-3FD5-45FE-B0BD-30127CA5C8CD}.Debug|x64.Build.0 = Debug|Any CPU
		{AB774CE2-3FD5-45FE-B0BD-30127CA5C8CD}.Debug|x86.ActiveCfg = Debug|Any CPU
		{AB774CE2-3FD5-45FE-B0BD-30127CA5C8CD}.Debug|x86.Build.0 = Debug|Any CPU
		{AB774CE2-3FD5-45FE-B0BD-30127CA5C8CD}.Release|Any CPU.ActiveCfg = Release|Any CPU
		{AB774CE2-3FD5-45FE-B0BD-30127CA5C8CD}.Release|Any CPU.Build.0 = Release|Any CPU
		{AB774CE2-3FD5-45FE-B0BD-30127CA5C8CD}.Release|x64.ActiveCfg = Release|Any CPU
		{AB774CE2-3FD5-45FE-B0BD-30127CA5C8CD}.Release|x64.Build.0 = Release|Any CPU
		{AB774CE2-3FD5-45FE-B0BD-30127CA5C8CD}.Release|x86.ActiveCfg = Release|Any CPU
		{AB774CE2-3FD5-45FE-B0BD-30127CA5C8CD}.Release|x86.Build.0 = Release|Any CPU
		{32E90862-979E-4A5A-BC7B-FAFFDC8E0ADB}.Debug|Any CPU.ActiveCfg = Debug|Any CPU
		{32E90862-979E-4A5A-BC7B-FAFFDC8E0ADB}.Debug|Any CPU.Build.0 = Debug|Any CPU
		{32E90862-979E-4A5A-BC7B-FAFFDC8E0ADB}.Debug|x64.ActiveCfg = Debug|Any CPU
		{32E90862-979E-4A5A-BC7B-FAFFDC8E0ADB}.Debug|x64.Build.0 = Debug|Any CPU
		{32E90862-979E-4A5A-BC7B-FAFFDC8E0ADB}.Debug|x86.ActiveCfg = Debug|Any CPU
		{32E90862-979E-4A5A-BC7B-FAFFDC8E0ADB}.Debug|x86.Build.0 = Debug|Any CPU
		{32E90862-979E-4A5A-BC7B-FAFFDC8E0ADB}.Release|Any CPU.ActiveCfg = Release|Any CPU
		{32E90862-979E-4A5A-BC7B-FAFFDC8E0ADB}.Release|Any CPU.Build.0 = Release|Any CPU
		{32E90862-979E-4A5A-BC7B-FAFFDC8E0ADB}.Release|x64.ActiveCfg = Release|Any CPU
		{32E90862-979E-4A5A-BC7B-FAFFDC8E0ADB}.Release|x64.Build.0 = Release|Any CPU
		{32E90862-979E-4A5A-BC7B-FAFFDC8E0ADB}.Release|x86.ActiveCfg = Release|Any CPU
		{32E90862-979E-4A5A-BC7B-FAFFDC8E0ADB}.Release|x86.Build.0 = Release|Any CPU
	EndGlobalSection
	GlobalSection(SolutionProperties) = preSolution
		HideSolutionNode = FALSE
	EndGlobalSection
	GlobalSection(NestedProjects) = preSolution
		{F7E8F6B6-6813-47F6-A45A-D4E28A36FDC5} = {816CA7C2-3F9C-4435-8BD0-6B5F936C8179}
		{C81E7C43-F6B9-4504-9EBD-830BC0ACB540} = {816CA7C2-3F9C-4435-8BD0-6B5F936C8179}
		{06E1AAEC-606F-4183-98D6-FE7F9BF2EF15} = {D112BA86-EA69-4E8B-8A92-CAEEC82724A7}
		{0E075D7D-79A5-4D98-AA49-040D75B1B53D} = {816CA7C2-3F9C-4435-8BD0-6B5F936C8179}
		{6964F1CD-C289-41E5-9A6E-84D53162C477} = {D112BA86-EA69-4E8B-8A92-CAEEC82724A7}
		{AB774CE2-3FD5-45FE-B0BD-30127CA5C8CD} = {D112BA86-EA69-4E8B-8A92-CAEEC82724A7}
	EndGlobalSection
	GlobalSection(ExtensibilityGlobals) = postSolution
		SolutionGuid = {CD0C6BFA-9AD1-4928-9996-C1942F7569C3}
	EndGlobalSection
EndGlobal
